
Microsoft Visual Studio Solution File, Format Version 11.00
# Visual Studio 2010
Project("{FAE04EC0-301F-11D3-BF4B-00C04F79EFBC}") = "KosmorNewsParser", "KosmorNewsParser\KosmorNewsParser.csproj", "{E659FDEB-D2E6-4B5C-8C26-7001728550CB}"
EndProject
Global
	GlobalSection(SolutionConfigurationPlatforms) = preSolution
		Debug|x86 = Debug|x86
		Release|x86 = Release|x86
	EndGlobalSection
	GlobalSection(ProjectConfigurationPlatforms) = postSolution
		{E659FDEB-D2E6-4B5C-8C26-7001728550CB}.Debug|x86.ActiveCfg = Debug|x86
		{E659FDEB-D2E6-4B5C-8C26-7001728550CB}.Debug|x86.Build.0 = Debug|x86
		{E659FDEB-D2E6-4B5C-8C26-7001728550CB}.Release|x86.ActiveCfg = Release|x86
		{E659FDEB-D2E6-4B5C-8C26-7001728550CB}.Release|x86.Build.0 = Release|x86
	EndGlobalSection
	GlobalSection(SolutionProperties) = preSolution
		HideSolutionNode = FALSE
	EndGlobalSection
EndGlobal
